
Microsoft Visual Studio Solution File, Format Version 12.00
# Visual Studio Version 17
VisualStudioVersion = 17.0.31903.59
MinimumVisualStudioVersion = 10.0.40219.1
Project("{FAE04EC0-301F-11D3-BF4B-00C04F79EFBC}") = "Redis_WebApi", "Redis_WebApi\Redis_WebApi.csproj", "{CF86953D-030B-4D2A-B72B-E0C2EED29290}"
EndProject
Global
	GlobalSection(SolutionConfigurationPlatforms) = preSolution
		Debug|Any CPU = Debug|Any CPU
		Release|Any CPU = Release|Any CPU
	EndGlobalSection
	GlobalSection(ProjectConfigurationPlatforms) = postSolution
		{CF86953D-030B-4D2A-B72B-E0C2EED29290}.Debug|Any CPU.ActiveCfg = Debug|Any CPU
		{CF86953D-030B-4D2A-B72B-E0C2EED29290}.Debug|Any CPU.Build.0 = Debug|Any CPU
		{CF86953D-030B-4D2A-B72B-E0C2EED29290}.Release|Any CPU.ActiveCfg = Release|Any CPU
		{CF86953D-030B-4D2A-B72B-E0C2EED29290}.Release|Any CPU.Build.0 = Release|Any CPU
	EndGlobalSection
	GlobalSection(SolutionProperties) = preSolution
		HideSolutionNode = FALSE
	EndGlobalSection
	GlobalSection(ExtensibilityGlobals) = postSolution
		SolutionGuid = {BD6DD0C5-440C-4318-8C33-6542C6AFC6AA}
	EndGlobalSection
EndGlobal
